{
    "version": 3,
    "terraform_version": "0.11.13",
    "serial": 10,
    "lineage": "00bab715-c10d-c186-8dbf-887af6fcf4ed",
    "modules": [
        {
            "path": [
                "root"
            ],
            "outputs": {},
            "resources": {
                "azurerm_network_interface.user19-myterraformnic": {
                    "type": "azurerm_network_interface",
                    "depends_on": [
                        "azurerm_network_security_group.user19-myterraformnsg",
                        "azurerm_public_ip.user19-myterraformpublicip",
                        "azurerm_resource_group.user19-myterraformgroup",
                        "azurerm_subnet.user19-myterraformsubnet"
                    ],
                    "primary": {
                        "id": "/subscriptions/e0fae348-f6c2-45f5-87b7-c41c22782d8f/resourceGroups/user19-myResourceGroup/providers/Microsoft.Network/networkInterfaces/user19-myNIC",
                        "attributes": {
                            "applied_dns_servers.#": "0",
                            "dns_servers.#": "0",
                            "enable_accelerated_networking": "false",
                            "enable_ip_forwarding": "false",
                            "id": "/subscriptions/e0fae348-f6c2-45f5-87b7-c41c22782d8f/resourceGroups/user19-myResourceGroup/providers/Microsoft.Network/networkInterfaces/user19-myNIC",
                            "internal_dns_name_label": "",
                            "internal_fqdn": "",
                            "ip_configuration.#": "1",
                            "ip_configuration.0.application_gateway_backend_address_pools_ids.#": "0",
                            "ip_configuration.0.application_security_group_ids.#": "0",
                            "ip_configuration.0.load_balancer_backend_address_pools_ids.#": "0",
                            "ip_configuration.0.load_balancer_inbound_nat_rules_ids.#": "0",
                            "ip_configuration.0.name": "user19-myNicConfiguration",
                            "ip_configuration.0.primary": "true",
                            "ip_configuration.0.private_ip_address": "",
                            "ip_configuration.0.private_ip_address_allocation": "dynamic",
                            "ip_configuration.0.private_ip_address_version": "IPv4",
                            "ip_configuration.0.public_ip_address_id": "/subscriptions/e0fae348-f6c2-45f5-87b7-c41c22782d8f/resourceGroups/user19-myResourceGroup/providers/Microsoft.Network/publicIPAddresses/user19-myPublicIP",
                            "ip_configuration.0.subnet_id": "/subscriptions/e0fae348-f6c2-45f5-87b7-c41c22782d8f/resourceGroups/user19-myResourceGroup/providers/Microsoft.Network/virtualNetworks/user19-myVnet/subnets/user19-mySubnet1",
                            "location": "eastus",
                            "mac_address": "",
                            "name": "user19-myNIC",
                            "network_security_group_id": "/subscriptions/e0fae348-f6c2-45f5-87b7-c41c22782d8f/resourceGroups/user19-myResourceGroup/providers/Microsoft.Network/networkSecurityGroups/user19-myNetworkSecurityGroup",
                            "private_ip_address": "19.0.1.4",
                            "private_ip_addresses.#": "1",
                            "private_ip_addresses.0": "19.0.1.4",
                            "resource_group_name": "user19-myResourceGroup",
                            "tags.%": "1",
                            "tags.environment": "Terraform Demo"
                        },
                        "meta": {},
                        "tainted": false
                    },
                    "deposed": [],
                    "provider": "provider.azurerm"
                },
                "azurerm_network_security_group.user19-myterraformnsg": {
                    "type": "azurerm_network_security_group",
                    "depends_on": [
                        "azurerm_resource_group.user19-myterraformgroup"
                    ],
                    "primary": {
                        "id": "/subscriptions/e0fae348-f6c2-45f5-87b7-c41c22782d8f/resourceGroups/user19-myResourceGroup/providers/Microsoft.Network/networkSecurityGroups/user19-myNetworkSecurityGroup",
                        "attributes": {
                            "id": "/subscriptions/e0fae348-f6c2-45f5-87b7-c41c22782d8f/resourceGroups/user19-myResourceGroup/providers/Microsoft.Network/networkSecurityGroups/user19-myNetworkSecurityGroup",
                            "location": "eastus",
                            "name": "user19-myNetworkSecurityGroup",
                            "resource_group_name": "user19-myResourceGroup",
                            "security_rule.#": "2",
                            "security_rule.2090309246.access": "Allow",
                            "security_rule.2090309246.description": "",
                            "security_rule.2090309246.destination_address_prefix": "*",
                            "security_rule.2090309246.destination_address_prefixes.#": "0",
                            "security_rule.2090309246.destination_application_security_group_ids.#": "0",
                            "security_rule.2090309246.destination_port_range": "22",
                            "security_rule.2090309246.destination_port_ranges.#": "0",
                            "security_rule.2090309246.direction": "Inbound",
                            "security_rule.2090309246.name": "SSH",
                            "security_rule.2090309246.priority": "1001",
                            "security_rule.2090309246.protocol": "Tcp",
                            "security_rule.2090309246.source_address_prefix": "*",
                            "security_rule.2090309246.source_address_prefixes.#": "0",
                            "security_rule.2090309246.source_application_security_group_ids.#": "0",
                            "security_rule.2090309246.source_port_range": "*",
                            "security_rule.2090309246.source_port_ranges.#": "0",
                            "security_rule.3367814364.access": "Allow",
                            "security_rule.3367814364.description": "",
                            "security_rule.3367814364.destination_address_prefix": "*",
                            "security_rule.3367814364.destination_address_prefixes.#": "0",
                            "security_rule.3367814364.destination_application_security_group_ids.#": "0",
                            "security_rule.3367814364.destination_port_range": "80",
                            "security_rule.3367814364.destination_port_ranges.#": "0",
                            "security_rule.3367814364.direction": "Inbound",
                            "security_rule.3367814364.name": "HTTP",
                            "security_rule.3367814364.priority": "2001",
                            "security_rule.3367814364.protocol": "Tcp",
                            "security_rule.3367814364.source_address_prefix": "*",
                            "security_rule.3367814364.source_address_prefixes.#": "0",
                            "security_rule.3367814364.source_application_security_group_ids.#": "0",
                            "security_rule.3367814364.source_port_range": "*",
                            "security_rule.3367814364.source_port_ranges.#": "0",
                            "tags.%": "1",
                            "tags.environment": "Terraform Demo"
                        },
                        "meta": {},
                        "tainted": false
                    },
                    "deposed": [],
                    "provider": "provider.azurerm"
                },
                "azurerm_public_ip.user19-myterraformpublicip": {
                    "type": "azurerm_public_ip",
                    "depends_on": [
                        "azurerm_resource_group.user19-myterraformgroup"
                    ],
                    "primary": {
                        "id": "/subscriptions/e0fae348-f6c2-45f5-87b7-c41c22782d8f/resourceGroups/user19-myResourceGroup/providers/Microsoft.Network/publicIPAddresses/user19-myPublicIP",
                        "attributes": {
                            "allocation_method": "Dynamic",
                            "id": "/subscriptions/e0fae348-f6c2-45f5-87b7-c41c22782d8f/resourceGroups/user19-myResourceGroup/providers/Microsoft.Network/publicIPAddresses/user19-myPublicIP",
                            "idle_timeout_in_minutes": "4",
                            "ip_address": "",
                            "ip_version": "IPv4",
                            "location": "eastus",
                            "name": "user19-myPublicIP",
                            "public_ip_address_allocation": "Dynamic",
                            "resource_group_name": "user19-myResourceGroup",
                            "sku": "Basic",
                            "tags.%": "1",
                            "tags.environment": "Terraform Demo",
                            "zones.#": "0"
                        },
                        "meta": {},
                        "tainted": false
                    },
                    "deposed": [],
                    "provider": "provider.azurerm"
                },
                "azurerm_resource_group.user19-myterraformgroup": {
                    "type": "azurerm_resource_group",
                    "depends_on": [],
                    "primary": {
                        "id": "/subscriptions/e0fae348-f6c2-45f5-87b7-c41c22782d8f/resourceGroups/user19-myResourceGroup",
                        "attributes": {
                            "id": "/subscriptions/e0fae348-f6c2-45f5-87b7-c41c22782d8f/resourceGroups/user19-myResourceGroup",
                            "location": "eastus",
                            "name": "user19-myResourceGroup",
                            "tags.%": "1",
                            "tags.environment": "Terraform Demo"
                        },
                        "meta": {},
                        "tainted": false
                    },
                    "deposed": [],
                    "provider": "provider.azurerm"
                },
                "azurerm_storage_account.user19-mystorageaccount": {
                    "type": "azurerm_storage_account",
                    "depends_on": [
                        "azurerm_resource_group.user19-myterraformgroup",
                        "random_id.user19-randomId"
                    ],
                    "primary": {
                        "id": "/subscriptions/e0fae348-f6c2-45f5-87b7-c41c22782d8f/resourceGroups/user19-myResourceGroup/providers/Microsoft.Storage/storageAccounts/diag7ca7f225e5a1cd91",
                        "attributes": {
                            "access_tier": "",
                            "account_encryption_source": "Microsoft.Storage",
                            "account_kind": "Storage",
                            "account_replication_type": "LRS",
                            "account_tier": "Standard",
                            "account_type": "Standard_LRS",
                            "enable_blob_encryption": "true",
                            "enable_file_encryption": "true",
                            "enable_https_traffic_only": "false",
                            "id": "/subscriptions/e0fae348-f6c2-45f5-87b7-c41c22782d8f/resourceGroups/user19-myResourceGroup/providers/Microsoft.Storage/storageAccounts/diag7ca7f225e5a1cd91",
                            "identity.#": "0",
                            "is_hns_enabled": "false",
                            "location": "eastus",
                            "name": "diag7ca7f225e5a1cd91",
                            "network_rules.#": "0",
                            "primary_access_key": "ySwpJvV71HcwKR/J9QMlgr6inHMV3jgUAImsyrKBTUZA2ZkilIEkCx9tYLUsk7+fJc0/l7h9bWwW4WnYV+69LA==",
                            "primary_blob_connection_string": "DefaultEndpointsProtocol=https;BlobEndpoint=https://diag7ca7f225e5a1cd91.blob.core.windows.net/;AccountName=diag7ca7f225e5a1cd91;AccountKey=ySwpJvV71HcwKR/J9QMlgr6inHMV3jgUAImsyrKBTUZA2ZkilIEkCx9tYLUsk7+fJc0/l7h9bWwW4WnYV+69LA==",
                            "primary_blob_endpoint": "https://diag7ca7f225e5a1cd91.blob.core.windows.net/",
                            "primary_blob_host": "diag7ca7f225e5a1cd91.blob.core.windows.net",
                            "primary_connection_string": "DefaultEndpointsProtocol=https;AccountName=diag7ca7f225e5a1cd91;AccountKey=ySwpJvV71HcwKR/J9QMlgr6inHMV3jgUAImsyrKBTUZA2ZkilIEkCx9tYLUsk7+fJc0/l7h9bWwW4WnYV+69LA==;EndpointSuffix=core.windows.net",
                            "primary_dfs_endpoint": "",
                            "primary_dfs_host": "",
                            "primary_file_endpoint": "https://diag7ca7f225e5a1cd91.file.core.windows.net/",
                            "primary_file_host": "diag7ca7f225e5a1cd91.file.core.windows.net",
                            "primary_location": "eastus",
                            "primary_queue_endpoint": "https://diag7ca7f225e5a1cd91.queue.core.windows.net/",
                            "primary_queue_host": "diag7ca7f225e5a1cd91.queue.core.windows.net",
                            "primary_table_endpoint": "https://diag7ca7f225e5a1cd91.table.core.windows.net/",
                            "primary_table_host": "diag7ca7f225e5a1cd91.table.core.windows.net",
                            "primary_web_endpoint": "",
                            "primary_web_host": "",
                            "resource_group_name": "user19-myResourceGroup",
                            "secondary_access_key": "ClyXTB48n8aVdjIigKJcafAAv7ErUJ2zg4u0aUmNnaht3yyGyXtohQcydPMlyObUh+akNqkOBIsFwIOOpHMPbA==",
                            "secondary_blob_connection_string": "",
                            "secondary_connection_string": "DefaultEndpointsProtocol=https;AccountName=diag7ca7f225e5a1cd91;AccountKey=ClyXTB48n8aVdjIigKJcafAAv7ErUJ2zg4u0aUmNnaht3yyGyXtohQcydPMlyObUh+akNqkOBIsFwIOOpHMPbA==;EndpointSuffix=core.windows.net",
                            "secondary_location": "",
                            "tags.%": "1",
                            "tags.environment": "Terraform Demo"
                        },
                        "meta": {
                            "schema_version": "2"
                        },
                        "tainted": false
                    },
                    "deposed": [],
                    "provider": "provider.azurerm"
                },
                "azurerm_subnet.user19-myterraformsubnet": {
                    "type": "azurerm_subnet",
                    "depends_on": [
                        "azurerm_resource_group.user19-myterraformgroup",
                        "azurerm_virtual_network.user19-myterraformnetwork"
                    ],
                    "primary": {
                        "id": "/subscriptions/e0fae348-f6c2-45f5-87b7-c41c22782d8f/resourceGroups/user19-myResourceGroup/providers/Microsoft.Network/virtualNetworks/user19-myVnet/subnets/user19-mySubnet1",
                        "attributes": {
                            "address_prefix": "19.0.1.0/24",
                            "delegation.#": "0",
                            "id": "/subscriptions/e0fae348-f6c2-45f5-87b7-c41c22782d8f/resourceGroups/user19-myResourceGroup/providers/Microsoft.Network/virtualNetworks/user19-myVnet/subnets/user19-mySubnet1",
                            "ip_configurations.#": "1",
                            "ip_configurations.4022439704": "/subscriptions/e0fae348-f6c2-45f5-87b7-c41c22782d8f/resourceGroups/user19-myResourceGroup/providers/Microsoft.Network/networkInterfaces/user19-myNIC/ipConfigurations/user19-myNicConfiguration",
                            "name": "user19-mySubnet1",
                            "network_security_group_id": "",
                            "resource_group_name": "user19-myResourceGroup",
                            "route_table_id": "",
                            "service_endpoints.#": "0",
                            "virtual_network_name": "user19-myVnet"
                        },
                        "meta": {},
                        "tainted": false
                    },
                    "deposed": [],
                    "provider": "provider.azurerm"
                },
                "azurerm_virtual_machine.user19-myterraformvm": {
                    "type": "azurerm_virtual_machine",
                    "depends_on": [
                        "azurerm_network_interface.user19-myterraformnic",
                        "azurerm_resource_group.user19-myterraformgroup",
                        "azurerm_storage_account.user19-mystorageaccount"
                    ],
                    "primary": {
                        "id": "/subscriptions/e0fae348-f6c2-45f5-87b7-c41c22782d8f/resourceGroups/user19-myResourceGroup/providers/Microsoft.Compute/virtualMachines/user19-myVM",
                        "attributes": {
                            "boot_diagnostics.#": "1",
                            "boot_diagnostics.0.enabled": "true",
                            "boot_diagnostics.0.storage_uri": "https://diag7ca7f225e5a1cd91.blob.core.windows.net/",
                            "delete_data_disks_on_termination": "false",
                            "delete_os_disk_on_termination": "false",
                            "id": "/subscriptions/e0fae348-f6c2-45f5-87b7-c41c22782d8f/resourceGroups/user19-myResourceGroup/providers/Microsoft.Compute/virtualMachines/user19-myVM",
                            "identity.#": "0",
                            "location": "eastus",
                            "name": "user19-myVM",
                            "network_interface_ids.#": "1",
                            "network_interface_ids.0": "/subscriptions/e0fae348-f6c2-45f5-87b7-c41c22782d8f/resourceGroups/user19-myResourceGroup/providers/Microsoft.Network/networkInterfaces/user19-myNIC",
                            "os_profile.#": "1",
                            "os_profile.1477399502.admin_password": "",
                            "os_profile.1477399502.admin_username": "azureuser",
                            "os_profile.1477399502.computer_name": "user19-myvm",
                            "os_profile.1477399502.custom_data": "",
                            "os_profile_linux_config.#": "1",
                            "os_profile_linux_config.69840937.disable_password_authentication": "true",
                            "os_profile_linux_config.69840937.ssh_keys.#": "1",
                            "os_profile_linux_config.69840937.ssh_keys.0.key_data": "ssh-rsa AAAAB3NzaC1yc2EAAAADAQABAAABAQDEiXUovLkWNcb9CH3vJyWxAQo7xJyt3skVMwVY7bpHAR4zkEUom4t0hOvPb4gcWu/yLR1Uj/HTRkl5rh9I2ji5pG7nMPvs32is34h2KrNZ6UFVM8waj0d2hPtm0dPJFYcVc/2gP6zSzW3Xt6P6DSQjebjMahiSMp/FzVYm2RbxsPaeSLWbIE0eVlUfoXrZtxblKFGhz6nWEyFisyt8LqkNvH57+IklIQbvG7fY55gkVV4YDsRaqIsM9l14ltQfHpxqOQ1UfYmxAqCmgg//rsrdzr2B8425enr0WsO8bJHTlZW621o+io9GHD3tftUL8mjtUqP1AFSD5GGtYD+lnRkd user19@cc-ea97fdc9-758b9847f5-8nmvc",
                            "os_profile_linux_config.69840937.ssh_keys.0.path": "/home/azureuser/.ssh/authorized_keys",
                            "os_profile_secrets.#": "0",
                            "os_profile_windows_config.#": "0",
                            "plan.#": "0",
                            "resource_group_name": "user19-myResourceGroup",
                            "storage_data_disk.#": "0",
                            "storage_image_reference.#": "1",
                            "storage_image_reference.363552096.id": "",
                            "storage_image_reference.363552096.offer": "UbuntuServer",
                            "storage_image_reference.363552096.publisher": "Canonical",
                            "storage_image_reference.363552096.sku": "16.04.0-LTS",
                            "storage_image_reference.363552096.version": "latest",
                            "storage_os_disk.#": "1",
                            "storage_os_disk.0.caching": "ReadWrite",
                            "storage_os_disk.0.create_option": "FromImage",
                            "storage_os_disk.0.disk_size_gb": "30",
                            "storage_os_disk.0.image_uri": "",
                            "storage_os_disk.0.managed_disk_id": "/subscriptions/e0fae348-f6c2-45f5-87b7-c41c22782d8f/resourceGroups/user19-myResourceGroup/providers/Microsoft.Compute/disks/myOsDisk",
                            "storage_os_disk.0.managed_disk_type": "Premium_LRS",
                            "storage_os_disk.0.name": "myOsDisk",
                            "storage_os_disk.0.os_type": "Linux",
                            "storage_os_disk.0.vhd_uri": "",
                            "storage_os_disk.0.write_accelerator_enabled": "false",
                            "tags.%": "1",
                            "tags.environment": "Terraform Demo",
                            "vm_size": "Standard_DS1_v2",
                            "zones.#": "0"
                        },
                        "meta": {},
                        "tainted": false
                    },
                    "deposed": [],
                    "provider": "provider.azurerm"
                },
                "azurerm_virtual_network.user19-myterraformnetwork": {
                    "type": "azurerm_virtual_network",
                    "depends_on": [
                        "azurerm_resource_group.user19-myterraformgroup"
                    ],
                    "primary": {
                        "id": "/subscriptions/e0fae348-f6c2-45f5-87b7-c41c22782d8f/resourceGroups/user19-myResourceGroup/providers/Microsoft.Network/virtualNetworks/user19-myVnet",
                        "attributes": {
                            "address_space.#": "1",
                            "address_space.0": "19.0.0.0/16",
                            "ddos_protection_plan.#": "0",
                            "dns_servers.#": "0",
                            "id": "/subscriptions/e0fae348-f6c2-45f5-87b7-c41c22782d8f/resourceGroups/user19-myResourceGroup/providers/Microsoft.Network/virtualNetworks/user19-myVnet",
                            "location": "eastus",
                            "name": "user19-myVnet",
                            "resource_group_name": "user19-myResourceGroup",
                            "subnet.#": "1",
                            "subnet.3946640428.address_prefix": "19.0.1.0/24",
                            "subnet.3946640428.id": "/subscriptions/e0fae348-f6c2-45f5-87b7-c41c22782d8f/resourceGroups/user19-myResourceGroup/providers/Microsoft.Network/virtualNetworks/user19-myVnet/subnets/user19-mySubnet1",
                            "subnet.3946640428.name": "user19-mySubnet1",
                            "subnet.3946640428.security_group": "",
                            "tags.%": "1",
                            "tags.environment": "Terraform Demo"
                        },
                        "meta": {},
                        "tainted": false
                    },
                    "deposed": [],
                    "provider": "provider.azurerm"
                },
                "random_id.user19-randomId": {
                    "type": "random_id",
                    "depends_on": [
                        "azurerm_resource_group.user19-myterraformgroup"
                    ],
                    "primary": {
                        "id": "fKfyJeWhzZE",
                        "attributes": {
                            "b64": "fKfyJeWhzZE",
                            "b64_std": "fKfyJeWhzZE=",
                            "b64_url": "fKfyJeWhzZE",
                            "byte_length": "8",
                            "dec": "8982414226394041745",
                            "hex": "7ca7f225e5a1cd91",
                            "id": "fKfyJeWhzZE",
                            "keepers.%": "1",
                            "keepers.resource_group": "user19-myResourceGroup"
                        },
                        "meta": {},
                        "tainted": false
                    },
                    "deposed": [],
                    "provider": "provider.random"
                }
            },
            "depends_on": []
        }
    ]
}
